// !$*UTF8*$!
{
	archiveVersion = 1;
	classes = {
	};
	objectVersion = 50;
	objects = {

/* Begin PBXBuildFile section */
		1DA29D7E235862B200E1F59B /* AppDelegate.swift in Sources */ = {isa = PBXBuildFile; fileRef = 1DA29D7D235862B200E1F59B /* AppDelegate.swift */; };
		1DA29D80235862B200E1F59B /* SceneDelegate.swift in Sources */ = {isa = PBXBuildFile; fileRef = 1DA29D7F235862B200E1F59B /* SceneDelegate.swift */; };
		1DA29D82235862B200E1F59B /* ContentView.swift in Sources */ = {isa = PBXBuildFile; fileRef = 1DA29D81235862B200E1F59B /* ContentView.swift */; };
		1DA29D84235862B300E1F59B /* Assets.xcassets in Resources */ = {isa = PBXBuildFile; fileRef = 1DA29D83235862B300E1F59B /* Assets.xcassets */; };
		1DA29D87235862B300E1F59B /* Preview Assets.xcassets in Resources */ = {isa = PBXBuildFile; fileRef = 1DA29D86235862B300E1F59B /* Preview Assets.xcassets */; };
		1DA29D8A235862B300E1F59B /* LaunchScreen.storyboard in Resources */ = {isa = PBXBuildFile; fileRef = 1DA29D88235862B300E1F59B /* LaunchScreen.storyboard */; };
		1DA29D95235862B300E1F59B /* pruebaTests.swift in Sources */ = {isa = PBXBuildFile; fileRef = 1DA29D94235862B300E1F59B /* pruebaTests.swift */; };
		1DA29DA0235862B300E1F59B /* pruebaUITests.swift in Sources */ = {isa = PBXBuildFile; fileRef = 1DA29D9F235862B300E1F59B /* pruebaUITests.swift */; };
/* End PBXBuildFile section */

/* Begin PBXContainerItemProxy section */
		1DA29D91235862B300E1F59B /* PBXContainerItemProxy */ = {
			isa = PBXContainerItemProxy;
			containerPortal = 1DA29D72235862B200E1F59B /* Project object */;
			proxyType = 1;
			remoteGlobalIDString = 1DA29D79235862B200E1F59B;
			remoteInfo = prueba;
		};
		1DA29D9C235862B300E1F59B /* PBXContainerItemProxy */ = {
			isa = PBXContainerItemProxy;
			containerPortal = 1DA29D72235862B200E1F59B /* Project object */;
			proxyType = 1;
			remoteGlobalIDString = 1DA29D79235862B200E1F59B;
			remoteInfo = prueba;
		};
/* End PBXContainerItemProxy section */

/* Begin PBXFileReference section */
		1DA29D7A235862B200E1F59B /* prueba.app */ = {isa = PBXFileReference; explicitFileType = wrapper.application; includeInIndex = 0; path = prueba.app; sourceTree = BUILT_PRODUCTS_DIR; };
		1DA29D7D235862B200E1F59B /* AppDelegate.swift */ = {isa = PBXFileReference; lastKnownFileType = sourcecode.swift; path = AppDelegate.swift; sourceTree = "<group>"; };
		1DA29D7F235862B200E1F59B /* SceneDelegate.swift */ = {isa = PBXFileReference; lastKnownFileType = sourcecode.swift; path = SceneDelegate.swift; sourceTree = "<group>"; };
		1DA29D81235862B200E1F59B /* ContentView.swift */ = {isa = PBXFileReference; lastKnownFileType = sourcecode.swift; path = ContentView.swift; sourceTree = "<group>"; };
		1DA29D83235862B300E1F59B /* Assets.xcassets */ = {isa = PBXFileReference; lastKnownFileType = folder.assetcatalog; path = Assets.xcassets; sourceTree = "<group>"; };
		1DA29D86235862B300E1F59B /* Preview Assets.xcassets */ = {isa = PBXFileReference; lastKnownFileType = folder.assetcatalog; path = "Preview Assets.xcassets"; sourceTree = "<group>"; };
		1DA29D89235862B300E1F59B /* Base */ = {isa = PBXFileReference; lastKnownFileType = file.storyboard; name = Base; path = Base.lproj/LaunchScreen.storyboard; sourceTree = "<group>"; };
		1DA29D8B235862B300E1F59B /* Info.plist */ = {isa = PBXFileReference; lastKnownFileType = text.plist.xml; path = Info.plist; sourceTree = "<group>"; };
		1DA29D90235862B300E1F59B /* pruebaTests.xctest */ = {isa = PBXFileReference; explicitFileType = wrapper.cfbundle; includeInIndex = 0; path = pruebaTests.xctest; sourceTree = BUILT_PRODUCTS_DIR; };
		1DA29D94235862B300E1F59B /* pruebaTests.swift */ = {isa = PBXFileReference; lastKnownFileType = sourcecode.swift; path = pruebaTests.swift; sourceTree = "<group>"; };
		1DA29D96235862B300E1F59B /* Info.plist */ = {isa = PBXFileReference; lastKnownFileType = text.plist.xml; path = Info.plist; sourceTree = "<group>"; };
		1DA29D9B235862B300E1F59B /* pruebaUITests.xctest */ = {isa = PBXFileReference; explicitFileType = wrapper.cfbundle; includeInIndex = 0; path = pruebaUITests.xctest; sourceTree = BUILT_PRODUCTS_DIR; };
		1DA29D9F235862B300E1F59B /* pruebaUITests.swift */ = {isa = PBXFileReference; lastKnownFileType = sourcecode.swift; path = pruebaUITests.swift; sourceTree = "<group>"; };
		1DA29DA1235862B300E1F59B /* Info.plist */ = {isa = PBXFileReference; lastKnownFileType = text.plist.xml; path = Info.plist; sourceTree = "<group>"; };
/* End PBXFileReference section */

/* Begin PBXFrameworksBuildPhase section */
		1DA29D77235862B200E1F59B /* Frameworks */ = {
			isa = PBXFrameworksBuildPhase;
			buildActionMask = 2147483647;
			files = (
			);
			runOnlyForDeploymentPostprocessing = 0;
		};
		1DA29D8D235862B300E1F59B /* Frameworks */ = {
			isa = PBXFrameworksBuildPhase;
			buildActionMask = 2147483647;
			files = (
			);
			runOnlyForDeploymentPostprocessing = 0;
		};
		1DA29D98235862B300E1F59B /* Frameworks */ = {
			isa = PBXFrameworksBuildPhase;
			buildActionMask = 2147483647;
			files = (
			);
			runOnlyForDeploymentPostprocessing = 0;
		};
/* End PBXFrameworksBuildPhase section */

/* Begin PBXGroup section */
		1DA29D71235862B200E1F59B = {
			isa = PBXGroup;
			children = (
				1DA29D7C235862B200E1F59B /* prueba */,
				1DA29D93235862B300E1F59B /* pruebaTests */,
				1DA29D9E235862B300E1F59B /* pruebaUITests */,
				1DA29D7B235862B200E1F59B /* Products */,
			);
			sourceTree = "<group>";
		};
		1DA29D7B235862B200E1F59B /* Products */ = {
			isa = PBXGroup;
			children = (
				1DA29D7A235862B200E1F59B /* prueba.app */,
				1DA29D90235862B300E1F59B /* pruebaTests.xctest */,
				1DA29D9B235862B300E1F59B /* pruebaUITests.xctest */,
			);
			name = Products;
			sourceTree = "<group>";
		};
		1DA29D7C235862B200E1F59B /* prueba */ = {
			isa = PBXGroup;
			children = (
				1DA29D7D235862B200E1F59B /* AppDelegate.swift */,
				1DA29D7F235862B200E1F59B /* SceneDelegate.swift */,
				1DA29D81235862B200E1F59B /* ContentView.swift */,
				1DA29D83235862B300E1F59B /* Assets.xcassets */,
				1DA29D88235862B300E1F59B /* LaunchScreen.storyboard */,
				1DA29D8B235862B300E1F59B /* Info.plist */,
				1DA29D85235862B300E1F59B /* Preview Content */,
			);
			path = prueba;
			sourceTree = "<group>";
		};
		1DA29D85235862B300E1F59B /* Preview Content */ = {
			isa = PBXGroup;
			children = (
				1DA29D86235862B300E1F59B /* Preview Assets.xcassets */,
			);
			path = "Preview Content";
			sourceTree = "<group>";
		};
		1DA29D93235862B300E1F59B /* pruebaTests */ = {
			isa = PBXGroup;
			children = (
				1DA29D94235862B300E1F59B /* pruebaTests.swift */,
				1DA29D96235862B300E1F59B /* Info.plist */,
			);
			path = pruebaTests;
			sourceTree = "<group>";
		};
		1DA29D9E235862B300E1F59B /* pruebaUITests */ = {
			isa = PBXGroup;
			children = (
				1DA29D9F235862B300E1F59B /* pruebaUITests.swift */,
				1DA29DA1235862B300E1F59B /* Info.plist */,
			);
			path = pruebaUITests;
			sourceTree = "<group>";
		};
/* End PBXGroup section */

/* Begin PBXNativeTarget section */
		1DA29D79235862B200E1F59B /* prueba */ = {
			isa = PBXNativeTarget;
			buildConfigurationList = 1DA29DA4235862B300E1F59B /* Build configuration list for PBXNativeTarget "prueba" */;
			buildPhases = (
				1DA29D76235862B200E1F59B /* Sources */,
				1DA29D77235862B200E1F59B /* Frameworks */,
				1DA29D78235862B200E1F59B /* Resources */,
			);
			buildRules = (
			);
			dependencies = (
			);
			name = prueba;
			productName = prueba;
			productReference = 1DA29D7A235862B200E1F59B /* prueba.app */;
			productType = "com.apple.product-type.application";
		};
		1DA29D8F235862B300E1F59B /* pruebaTests */ = {
			isa = PBXNativeTarget;
			buildConfigurationList = 1DA29DA7235862B300E1F59B /* Build configuration list for PBXNativeTarget "pruebaTests" */;
			buildPhases = (
				1DA29D8C235862B300E1F59B /* Sources */,
				1DA29D8D235862B300E1F59B /* Frameworks */,
				1DA29D8E235862B300E1F59B /* Resources */,
			);
			buildRules = (
			);
			dependencies = (
				1DA29D92235862B300E1F59B /* PBXTargetDependency */,
			);
			name = pruebaTests;
			productName = pruebaTests;
			productReference = 1DA29D90235862B300E1F59B /* pruebaTests.xctest */;
			productType = "com.apple.product-type.bundle.unit-test";
		};
		1DA29D9A235862B300E1F59B /* pruebaUITests */ = {
			isa = PBXNativeTarget;
			buildConfigurationList = 1DA29DAA235862B300E1F59B /* Build configuration list for PBXNativeTarget "pruebaUITests" */;
			buildPhases = (
				1DA29D97235862B300E1F59B /* Sources */,
				1DA29D98235862B300E1F59B /* Frameworks */,
				1DA29D99235862B300E1F59B /* Resources */,
			);
			buildRules = (
			);
			dependencies = (
				1DA29D9D235862B300E1F59B /* PBXTargetDependency */,
			);
			name = pruebaUITests;
			productName = pruebaUITests;
			productReference = 1DA29D9B235862B300E1F59B /* pruebaUITests.xctest */;
			productType = "com.apple.product-type.bundle.ui-testing";
		};
/* End PBXNativeTarget section */

/* Begin PBXProject section */
		1DA29D72235862B200E1F59B /* Project object */ = {
			isa = PBXProject;
			attributes = {
				LastSwiftUpdateCheck = 1100;
				LastUpgradeCheck = 1100;
				ORGANIZATIONNAME = "Luis Javier Contreras Mejía";
				TargetAttributes = {
					1DA29D79235862B200E1F59B = {
						CreatedOnToolsVersion = 11.0;
					};
					1DA29D8F235862B300E1F59B = {
						CreatedOnToolsVersion = 11.0;
						TestTargetID = 1DA29D79235862B200E1F59B;
					};
					1DA29D9A235862B300E1F59B = {
						CreatedOnToolsVersion = 11.0;
						TestTargetID = 1DA29D79235862B200E1F59B;
					};
				};
			};
			buildConfigurationList = 1DA29D75235862B200E1F59B /* Build configuration list for PBXProject "prueba" */;
			compatibilityVersion = "Xcode 9.3";
			developmentRegion = en;
			hasScannedForEncodings = 0;
			knownRegions = (
				en,
				Base,
			);
			mainGroup = 1DA29D71235862B200E1F59B;
			productRefGroup = 1DA29D7B235862B200E1F59B /* Products */;
			projectDirPath = "";
			projectRoot = "";
			targets = (
				1DA29D79235862B200E1F59B /* prueba */,
				1DA29D8F235862B300E1F59B /* pruebaTests */,
				1DA29D9A235862B300E1F59B /* pruebaUITests */,
			);
		};
/* End PBXProject section */

/* Begin PBXResourcesBuildPhase section */
		1DA29D78235862B200E1F59B /* Resources */ = {
			isa = PBXResourcesBuildPhase;
			buildActionMask = 2147483647;
			files = (
				1DA29D8A235862B300E1F59B /* LaunchScreen.storyboard in Resources */,
				1DA29D87235862B300E1F59B /* Preview Assets.xcassets in Resources */,
				1DA29D84235862B300E1F59B /* Assets.xcassets in Resources */,
			);
			runOnlyForDeploymentPostprocessing = 0;
		};
		1DA29D8E235862B300E1F59B /* Resources */ = {
			isa = PBXResourcesBuildPhase;
			buildActionMask = 2147483647;
			files = (
			);
			runOnlyForDeploymentPostprocessing = 0;
		};
		1DA29D99235862B300E1F59B /* Resources */ = {
			isa = PBXResourcesBuildPhase;
			buildActionMask = 2147483647;
			files = (
			);
			runOnlyForDeploymentPostprocessing = 0;
		};
/* End PBXResourcesBuildPhase section */

/* Begin PBXSourcesBuildPhase section */
		1DA29D76235862B200E1F59B /* Sources */ = {
			isa = PBXSourcesBuildPhase;
			buildActionMask = 2147483647;
			files = (
				1DA29D7E235862B200E1F59B /* AppDelegate.swift in Sources */,
				1DA29D80235862B200E1F59B /* SceneDelegate.swift in Sources */,
				1DA29D82235862B200E1F59B /* ContentView.swift in Sources */,
			);
			runOnlyForDeploymentPostprocessing = 0;
		};
		1DA29D8C235862B300E1F59B /* Sources */ = {
			isa = PBXSourcesBuildPhase;
			buildActionMask = 2147483647;
			files = (
				1DA29D95235862B300E1F59B /* pruebaTests.swift in Sources */,
			);
			runOnlyForDeploymentPostprocessing = 0;
		};
		1DA29D97235862B300E1F59B /* Sources */ = {
			isa = PBXSourcesBuildPhase;
			buildActionMask = 2147483647;
			files = (
				1DA29DA0235862B300E1F59B /* pruebaUITests.swift in Sources */,
			);
			runOnlyForDeploymentPostprocessing = 0;
		};
/* End PBXSourcesBuildPhase section */

/* Begin PBXTargetDependency section */
		1DA29D92235862B300E1F59B /* PBXTargetDependency */ = {
			isa = PBXTargetDependency;
			target = 1DA29D79235862B200E1F59B /* prueba */;
			targetProxy = 1DA29D91235862B300E1F59B /* PBXContainerItemProxy */;
		};
		1DA29D9D235862B300E1F59B /* PBXTargetDependency */ = {
			isa = PBXTargetDependency;
			target = 1DA29D79235862B200E1F59B /* prueba */;
			targetProxy = 1DA29D9C235862B300E1F59B /* PBXContainerItemProxy */;
		};
/* End PBXTargetDependency section */

/* Begin PBXVariantGroup section */
		1DA29D88235862B300E1F59B /* LaunchScreen.storyboard */ = {
			isa = PBXVariantGroup;
			children = (
				1DA29D89235862B300E1F59B /* Base */,
			);
			name = LaunchScreen.storyboard;
			sourceTree = "<group>";
		};
/* End PBXVariantGroup section */

/* Begin XCBuildConfiguration section */
		1DA29DA2235862B300E1F59B /* Debug */ = {
			isa = XCBuildConfiguration;
			buildSettings = {
				ALWAYS_SEARCH_USER_PATHS = NO;
				CLANG_ANALYZER_NONNULL = YES;
				CLANG_ANALYZER_NUMBER_OBJECT_CONVERSION = YES_AGGRESSIVE;
				CLANG_CXX_LANGUAGE_STANDARD = "gnu++14";
				CLANG_CXX_LIBRARY = "libc++";
				CLANG_ENABLE_MODULES = YES;
				CLANG_ENABLE_OBJC_ARC = YES;
				CLANG_ENABLE_OBJC_WEAK = YES;
				CLANG_WARN_BLOCK_CAPTURE_AUTORELEASING = YES;
				CLANG_WARN_BOOL_CONVERSION = YES;
				CLANG_WARN_COMMA = YES;
				CLANG_WARN_CONSTANT_CONVERSION = YES;
				CLANG_WARN_DEPRECATED_OBJC_IMPLEMENTATIONS = YES;
				CLANG_WARN_DIRECT_OBJC_ISA_USAGE = YES_ERROR;
				CLANG_WARN_DOCUMENTATION_COMMENTS = YES;
				CLANG_WARN_EMPTY_BODY = YES;
				CLANG_WARN_ENUM_CONVERSION = YES;
				CLANG_WARN_INFINITE_RECURSION = YES;
				CLANG_WARN_INT_CONVERSION = YES;
				CLANG_WARN_NON_LITERAL_NULL_CONVERSION = YES;
				CLANG_WARN_OBJC_IMPLICIT_RETAIN_SELF = YES;
				CLANG_WARN_OBJC_LITERAL_CONVERSION = YES;
				CLANG_WARN_OBJC_ROOT_CLASS = YES_ERROR;
				CLANG_WARN_RANGE_LOOP_ANALYSIS = YES;
				CLANG_WARN_STRICT_PROTOTYPES = YES;
				CLANG_WARN_SUSPICIOUS_MOVE = YES;
				CLANG_WARN_UNGUARDED_AVAILABILITY = YES_AGGRESSIVE;
				CLANG_WARN_UNREACHABLE_CODE = YES;
				CLANG_WARN__DUPLICATE_METHOD_MATCH = YES;
				COPY_PHASE_STRIP = NO;
				DEBUG_INFORMATION_FORMAT = dwarf;
				ENABLE_STRICT_OBJC_MSGSEND = YES;
				ENABLE_TESTABILITY = YES;
				GCC_C_LANGUAGE_STANDARD = gnu11;
				GCC_DYNAMIC_NO_PIC = NO;
				GCC_NO_COMMON_BLOCKS = YES;
				GCC_OPTIMIZATION_LEVEL = 0;
				GCC_PREPROCESSOR_DEFINITIONS = (
					"DEBUG=1",
					"$(inherited)",
				);
				GCC_WARN_64_TO_32_BIT_CONVERSION = YES;
				GCC_WARN_ABOUT_RETURN_TYPE = YES_ERROR;
				GCC_WARN_UNDECLARED_SELECTOR = YES;
				GCC_WARN_UNINITIALIZED_AUTOS = YES_AGGRESSIVE;
				GCC_WARN_UNUSED_FUNCTION = YES;
				GCC_WARN_UNUSED_VARIABLE = YES;
				IPHONEOS_DEPLOYMENT_TARGET = 13.0;
				MTL_ENABLE_DEBUG_INFO = INCLUDE_SOURCE;
				MTL_FAST_MATH = YES;
				ONLY_ACTIVE_ARCH = YES;
				SDKROOT = iphoneos;
				SWIFT_ACTIVE_COMPILATION_CONDITIONS = DEBUG;
				SWIFT_OPTIMIZATION_LEVEL = "-Onone";
			};
			name = Debug;
		};
		1DA29DA3235862B300E1F59B /* Release */ = {
			isa = XCBuildConfiguration;
			buildSettings = {
				ALWAYS_SEARCH_USER_PATHS = NO;
				CLANG_ANALYZER_NONNULL = YES;
				CLANG_ANALYZER_NUMBER_OBJECT_CONVERSION = YES_AGGRESSIVE;
				CLANG_CXX_LANGUAGE_STANDARD = "gnu++14";
				CLANG_CXX_LIBRARY = "libc++";
				CLANG_ENABLE_MODULES = YES;
				CLANG_ENABLE_OBJC_ARC = YES;
				CLANG_ENABLE_OBJC_WEAK = YES;
				CLANG_WARN_BLOCK_CAPTURE_AUTORELEASING = YES;
				CLANG_WARN_BOOL_CONVERSION = YES;
				CLANG_WARN_COMMA = YES;
				CLANG_WARN_CONSTANT_CONVERSION = YES;
				CLANG_WARN_DEPRECATED_OBJC_IMPLEMENTATIONS = YES;
				CLANG_WARN_DIRECT_OBJC_ISA_USAGE = YES_ERROR;
				CLANG_WARN_DOCUMENTATION_COMMENTS = YES;
				CLANG_WARN_EMPTY_BODY = YES;
				CLANG_WARN_ENUM_CONVERSION = YES;
				CLANG_WARN_INFINITE_RECURSION = YES;
				CLANG_WARN_INT_CONVERSION = YES;
				CLANG_WARN_NON_LITERAL_NULL_CONVERSION = YES;
				CLANG_WARN_OBJC_IMPLICIT_RETAIN_SELF = YES;
				CLANG_WARN_OBJC_LITERAL_CONVERSION = YES;
				CLANG_WARN_OBJC_ROOT_CLASS = YES_ERROR;
				CLANG_WARN_RANGE_LOOP_ANALYSIS = YES;
				CLANG_WARN_STRICT_PROTOTYPES = YES;
				CLANG_WARN_SUSPICIOUS_MOVE = YES;
				CLANG_WARN_UNGUARDED_AVAILABILITY = YES_AGGRESSIVE;
				CLANG_WARN_UNREACHABLE_CODE = YES;
				CLANG_WARN__DUPLICATE_METHOD_MATCH = YES;
				COPY_PHASE_STRIP = NO;
				DEBUG_INFORMATION_FORMAT = "dwarf-with-dsym";
				ENABLE_NS_ASSERTIONS = NO;
				ENABLE_STRICT_OBJC_MSGSEND = YES;
				GCC_C_LANGUAGE_STANDARD = gnu11;
				GCC_NO_COMMON_BLOCKS = YES;
				GCC_WARN_64_TO_32_BIT_CONVERSION = YES;
				GCC_WARN_ABOUT_RETURN_TYPE = YES_ERROR;
				GCC_WARN_UNDECLARED_SELECTOR = YES;
				GCC_WARN_UNINITIALIZED_AUTOS = YES_AGGRESSIVE;
				GCC_WARN_UNUSED_FUNCTION = YES;
				GCC_WARN_UNUSED_VARIABLE = YES;
				IPHONEOS_DEPLOYMENT_TARGET = 13.0;
				MTL_ENABLE_DEBUG_INFO = NO;
				MTL_FAST_MATH = YES;
				SDKROOT = iphoneos;
				SWIFT_COMPILATION_MODE = wholemodule;
				SWIFT_OPTIMIZATION_LEVEL = "-O";
				VALIDATE_PRODUCT = YES;
			};
			name = Release;
		};
		1DA29DA5235862B300E1F59B /* Debug */ = {
			isa = XCBuildConfiguration;
			buildSettings = {
				ASSETCATALOG_COMPILER_APPICON_NAME = AppIcon;
				CODE_SIGN_STYLE = Automatic;
				DEVELOPMENT_ASSET_PATHS = "\"prueba/Preview Content\"";
				ENABLE_PREVIEWS = YES;
				INFOPLIST_FILE = prueba/Info.plist;
				LD_RUNPATH_SEARCH_PATHS = (
					"$(inherited)",
					"@executable_path/Frameworks",
				);
				PRODUCT_BUNDLE_IDENTIFIER = SiluMusic.prueba;
				PRODUCT_NAME = "$(TARGET_NAME)";
				SWIFT_VERSION = 5.0;
				TARGETED_DEVICE_FAMILY = "1,2";
			};
			name = Debug;
		};
		1DA29DA6235862B300E1F59B /* Release */ = {
			isa = XCBuildConfiguration;
			buildSettings = {
				ASSETCATALOG_COMPILER_APPICON_NAME = AppIcon;
				CODE_SIGN_STYLE = Automatic;
				DEVELOPMENT_ASSET_PATHS = "\"prueba/Preview Content\"";
				ENABLE_PREVIEWS = YES;
				INFOPLIST_FILE = prueba/Info.plist;
				LD_RUNPATH_SEARCH_PATHS = (
					"$(inherited)",
					"@executable_path/Frameworks",
				);
				PRODUCT_BUNDLE_IDENTIFIER = SiluMusic.prueba;
				PRODUCT_NAME = "$(TARGET_NAME)";
				SWIFT_VERSION = 5.0;
				TARGETED_DEVICE_FAMILY = "1,2";
			};
			name = Release;
		};
		1DA29DA8235862B300E1F59B /* Debug */ = {
			isa = XCBuildConfiguration;
			buildSettings = {
				ALWAYS_EMBED_SWIFT_STANDARD_LIBRARIES = YES;
				BUNDLE_LOADER = "$(TEST_HOST)";
				CODE_SIGN_STYLE = Automatic;
				INFOPLIST_FILE = pruebaTests/Info.plist;
				IPHONEOS_DEPLOYMENT_TARGET = 13.0;
				LD_RUNPATH_SEARCH_PATHS = (
					"$(inherited)",
					"@executable_path/Frameworks",
					"@loader_path/Frameworks",
				);
				PRODUCT_BUNDLE_IDENTIFIER = SiluMusic.pruebaTests;
				PRODUCT_NAME = "$(TARGET_NAME)";
				SWIFT_VERSION = 5.0;
				TARGETED_DEVICE_FAMILY = "1,2";
				TEST_HOST = "$(BUILT_PRODUCTS_DIR)/prueba.app/prueba";
			};
			name = Debug;
		};
		1DA29DA9235862B300E1F59B /* Release */ = {
			isa = XCBuildConfiguration;
			buildSettings = {
				ALWAYS_EMBED_SWIFT_STANDARD_LIBRARIES = YES;
				BUNDLE_LOADER = "$(TEST_HOST)";
				CODE_SIGN_STYLE = Automatic;
				INFOPLIST_FILE = pruebaTests/Info.plist;
				IPHONEOS_DEPLOYMENT_TARGET = 13.0;
				LD_RUNPATH_SEARCH_PATHS = (
					"$(inherited)",
					"@executable_path/Frameworks",
					"@loader_path/Frameworks",
				);
				PRODUCT_BUNDLE_IDENTIFIER = SiluMusic.pruebaTests;
				PRODUCT_NAME = "$(TARGET_NAME)";
				SWIFT_VERSION = 5.0;
				TARGETED_DEVICE_FAMILY = "1,2";
				TEST_HOST = "$(BUILT_PRODUCTS_DIR)/prueba.app/prueba";
			};
			name = Release;
		};
		1DA29DAB235862B300E1F59B /* Debug */ = {
			isa = XCBuildConfiguration;
			buildSettings = {
				ALWAYS_EMBED_SWIFT_STANDARD_LIBRARIES = YES;
				CODE_SIGN_STYLE = Automatic;
				INFOPLIST_FILE = pruebaUITests/Info.plist;
				LD_RUNPATH_SEARCH_PATHS = (
					"$(inherited)",
					"@executable_path/Frameworks",
					"@loader_path/Frameworks",
				);
				PRODUCT_BUNDLE_IDENTIFIER = SiluMusic.pruebaUITests;
				PRODUCT_NAME = "$(TARGET_NAME)";
				SWIFT_VERSION = 5.0;
				TARGETED_DEVICE_FAMILY = "1,2";
				TEST_TARGET_NAME = prueba;
			};
			name = Debug;
		};
		1DA29DAC235862B300E1F59B /* Release */ = {
			isa = XCBuildConfiguration;
			buildSettings = {
				ALWAYS_EMBED_SWIFT_STANDARD_LIBRARIES = YES;
				CODE_SIGN_STYLE = Automatic;
				INFOPLIST_FILE = pruebaUITests/Info.plist;
				LD_RUNPATH_SEARCH_PATHS = (
					"$(inherited)",
					"@executable_path/Frameworks",
					"@loader_path/Frameworks",
				);
				PRODUCT_BUNDLE_IDENTIFIER = SiluMusic.pruebaUITests;
				PRODUCT_NAME = "$(TARGET_NAME)";
				SWIFT_VERSION = 5.0;
				TARGETED_DEVICE_FAMILY = "1,2";
				TEST_TARGET_NAME = prueba;
			};
			name = Release;
		};
/* End XCBuildConfiguration section */

/* Begin XCConfigurationList section */
		1DA29D75235862B200E1F59B /* Build configuration list for PBXProject "prueba" */ = {
			isa = XCConfigurationList;
			buildConfigurations = (
				1DA29DA2235862B300E1F59B /* Debug */,
				1DA29DA3235862B300E1F59B /* Release */,
			);
			defaultConfigurationIsVisible = 0;
			defaultConfigurationName = Release;
		};
		1DA29DA4235862B300E1F59B /* Build configuration list for PBXNativeTarget "prueba" */ = {
			isa = XCConfigurationList;
			buildConfigurations = (
				1DA29DA5235862B300E1F59B /* Debug */,
				1DA29DA6235862B300E1F59B /* Release */,
			);
			defaultConfigurationIsVisible = 0;
			defaultConfigurationName = Release;
		};
		1DA29DA7235862B300E1F59B /* Build configuration list for PBXNativeTarget "pruebaTests" */ = {
			isa = XCConfigurationList;
			buildConfigurations = (
				1DA29DA8235862B300E1F59B /* Debug */,
				1DA29DA9235862B300E1F59B /* Release */,
			);
			defaultConfigurationIsVisible = 0;
			defaultConfigurationName = Release;
		};
		1DA29DAA235862B300E1F59B /* Build configuration list for PBXNativeTarget "pruebaUITests" */ = {
			isa = XCConfigurationList;
			buildConfigurations = (
				1DA29DAB235862B300E1F59B /* Debug */,
				1DA29DAC235862B300E1F59B /* Release */,
			);
			defaultConfigurationIsVisible = 0;
			defaultConfigurationName = Release;
		};
/* End XCConfigurationList section */
	};
	rootObject = 1DA29D72235862B200E1F59B /* Project object */;
}
